{
  "name": "bycontract-demo",
  "version": "1.0.0",
  "lockfileVersion": 3,
  "requires": true,
  "packages": {
    "": {
      "name": "bycontract-demo",
      "version": "1.0.0",
      "license": "ISC",
      "dependencies": {
        "bycontract": "^2.0.0"
      },
      "devDependencies": {}
    },
    "node_modules/bycontract": {
      "version": "2.0.11",
      "resolved": "https://registry.npmjs.org/bycontract/-/bycontract-2.0.11.tgz",
      "integrity": "sha512-j05hyOgk4L2YuyLzCMmh87hleW1SwYMwX1ZDfCRAXzGVo1FTQfotBkFQY3M4fwfjk75qCdH7Fr7Pr2Kn/39muw==",
      "license": "MIT"
    }
  }
}
