{
  "name": "bycontract-demo",
  "version": "1.0.0",
  "lockfileVersion": 3,
  "requires": true,
  "packages": {
    "": {
      "name": "bycontract-demo",
      "version": "1.0.0",
      "dependencies": {
        "bycontract": "^2.0.0"
      },
      "devDependencies": {
        "@types/node": "^12.20.55",
        "typescript": "^4.9.5"
      },
      "engines": {
        "node": ">= 12.13"
      }
    },
    "node_modules/@types/node": {
      "version": "12.20.55",
      "resolved": "https://registry.npmjs.org/@types/node/-/node-12.20.55.tgz",
      "integrity": "sha512-J8xLz7q2OFulZ2cyGTLE1TbbZcjpno7FaN6zdJNrgAdrJ+DZzh/uFR6YrTb4C+nXakvud8Q4+rbhoIWlYQbUFQ==",
      "dev": true,
      "license": "MIT"
    },
    "node_modules/bycontract": {
      "version": "2.0.11",
      "resolved": "https://registry.npmjs.org/bycontract/-/bycontract-2.0.11.tgz",
      "integrity": "sha512-j05hyOgk4L2YuyLzCMmh87hleW1SwYMwX1ZDfCRAXzGVo1FTQfotBkFQY3M4fwfjk75qCdH7Fr7Pr2Kn/39muw==",
      "license": "MIT"
    },
    "node_modules/typescript": {
      "version": "4.9.5",
      "resolved": "https://registry.npmjs.org/typescript/-/typescript-4.9.5.tgz",
      "integrity": "sha512-1FXk9E2Hm+QzZQ7z+McJiHL4NW1F2EzMu9Nq9i3zAaGqibafqYwCVU6WyWAuyQRRzOlxou8xZSyXLEN8oKj24g==",
      "dev": true,
      "license": "Apache-2.0",
      "bin": {
        "tsc": "bin/tsc",
        "tsserver": "bin/tsserver"
      },
      "engines": {
        "node": ">=4.2.0"
      }
    }
  }
}
